
Microsoft Visual Studio Solution File, Format Version 12.00
# Visual Studio Version 17
VisualStudioVersion = 17.5.33502.453
MinimumVisualStudioVersion = 10.0.40219.1
Project("{9A19103F-16F7-4668-BE54-9A1E7A4F7556}") = "GenericControllerProject", "GenericControllerProject.csproj", "{DFF2981A-735E-4AC8-932C-10B6BCE62F76}"
EndProject
Global
	GlobalSection(SolutionConfigurationPlatforms) = preSolution
		Debug|Any CPU = Debug|Any CPU
		Release|Any CPU = Release|Any CPU
	EndGlobalSection
	GlobalSection(ProjectConfigurationPlatforms) = postSolution
		{DFF2981A-735E-4AC8-932C-10B6BCE62F76}.Debug|Any CPU.ActiveCfg = Debug|Any CPU
		{DFF2981A-735E-4AC8-932C-10B6BCE62F76}.Debug|Any CPU.Build.0 = Debug|Any CPU
		{DFF2981A-735E-4AC8-932C-10B6BCE62F76}.Release|Any CPU.ActiveCfg = Release|Any CPU
		{DFF2981A-735E-4AC8-932C-10B6BCE62F76}.Release|Any CPU.Build.0 = Release|Any CPU
	EndGlobalSection
	GlobalSection(SolutionProperties) = preSolution
		HideSolutionNode = FALSE
	EndGlobalSection
	GlobalSection(ExtensibilityGlobals) = postSolution
		SolutionGuid = {9AD0854F-6EE4-4C7B-AC97-6FDFED3CCC61}
	EndGlobalSection
EndGlobal
